{
    "_meta": {
        "hash": {
            "sha256": "70f1a6d3cc548f8cca2d8d56a84b37e10c5b77a229f21275c2ef886dc2ac75c0"
        },
        "pipfile-spec": 6,
        "requires": {
            "python_version": "3.8"
        },
        "sources": [
            {
                "name": "pypi",
                "url": "https://pypi.python.org/simple",
                "verify_ssl": true
            }
        ]
    },
    "default": {
        "certifi": {
            "hashes": [
                "sha256:1a4995114262bffbc2413b159f2a1a480c969de6e6eb13ee966d470af86af59c",
                "sha256:719a74fb9e33b9bd44cc7f3a8d94bc35e4049deebe19ba7d8e108280cfd59830"
            ],
            "version": "==2020.12.5"
        },
        "chardet": {
            "hashes": [
                "sha256:0d6f53a15db4120f2b08c94f11e7d93d2c911ee118b6b30a04ec3ee8310179fa",
                "sha256:f864054d66fd9118f2e67044ac8981a54775ec5b67aed0441892edb553d21da5"
            ],
            "version": "==4.0.0"
        },
        "googleapis-common-protos": {
            "hashes": [
                "sha256:560716c807117394da12cecb0a54da5a451b5cf9866f1d37e9a5e2329a665351",
                "sha256:c8961760f5aad9a711d37b675be103e0cc4e9a39327e0d6d857872f698403e24"
            ],
            "index": "pypi",
            "version": "==1.52.0"
        },
        "grpcio": {
            "hashes": [
                "sha256:02a4a637a774382d6ac8e65c0a7af4f7f4b9704c980a0a9f4f7bbc1e97c5b733",
                "sha256:08b6a58c8a83e71af5650f8f879fe14b7b84dce0c4969f3817b42c72989dacf0",
                "sha256:0aeed3558a0eec0b31700af6072f1c90e8fd5701427849e76bc469554a14b4f5",
                "sha256:0cebba3907441d5c620f7b491a780ed155140fbd590da0886ecfb1df6ad947b9",
                "sha256:143b4fe72c01000fc0667bf62ace402a6518939b3511b3c2bec04d44b1d7591c",
                "sha256:21265511880056d19ce4f809ce3fbe2a3fa98ec1fc7167dbdf30a80d3276202e",
                "sha256:289671cfe441069f617bf23c41b1fa07053a31ff64de918d1016ac73adda2f73",
                "sha256:2d5124284f9d29e4f06f674a12ebeb23fc16ce0f96f78a80a6036930642ae5ab",
                "sha256:2f2eabfd514af8945ee415083a0f849eea6cb3af444999453bb6666fadc10f54",
                "sha256:3ac453387add933b6cfbc67cc8635f91ff9895299130fc612c3c4b904e91d82a",
                "sha256:407b4d869ce5c6a20af5b96bb885e3ecaf383e3fb008375919eb26cf8f10d9cd",
                "sha256:4bb771c4c2411196b778871b519c7e12e87f3fa72b0517b22f952c64ead07958",
                "sha256:4cef3eb2df338abd9b6164427ede961d351c6bf39b4a01448a65f9e795f56575",
                "sha256:514b4a6790d6597fc95608f49f2f13fe38329b2058538095f0502b734b98ffd2",
                "sha256:52143467237bfa77331ed1979dc3e203a1c12511ee37b3ddd9ff41b05804fb10",
                "sha256:56e2a985efdba8e2282e856470b684e83a3cadd920f04fcd360b4b826ced0dd3",
                "sha256:592656b10528aa327058d2007f7ab175dc9eb3754b289e24cac36e09129a2f6b",
                "sha256:5b21d3de520a699cb631cfd3a773a57debeb36b131be366bf832153405cc5404",
                "sha256:62ce7e86f11e8c4ff772e63c282fb5a7904274258be0034adf37aa679cf96ba0",
                "sha256:65b06fa2db2edd1b779f9b256e270f7a58d60e40121660d8b5fd6e8b88f122ed",
                "sha256:6a1b5b7e47600edcaeaa42983b1c19e7a5892c6b98bcde32ae2aa509a99e0436",
                "sha256:703da25278ee7318acb766be1c6d3b67d392920d002b2d0304e7f3431b74f6c1",
                "sha256:7744468ee48be3265db798f27e66e118c324d7831a34fd39d5775bcd5a70a2c4",
                "sha256:7c1ea6ea6daa82031af6eb5b7d1ab56b1193840389ea7cf46d80e98636f8aff5",
                "sha256:7d292dabf7ded9c062357f8207e20e94095a397d487ffd25aa213a2c3dff0ab4",
                "sha256:7f727b8b6d9f92fcab19dbc62ec956d8352c6767b97b8ab18754b2dfa84d784f",
                "sha256:7fda62846ef8d86caf06bd1ecfddcae2c7e59479a4ee28808120e170064d36cc",
                "sha256:85e56ab125b35b1373205b3802f58119e70ffedfe0d7e2821999126058f7c44f",
                "sha256:88f2a102cbc67e91f42b4323cec13348bf6255b25f80426088079872bd4f3c5c",
                "sha256:89add4f4cda9546f61cb8a6988bc5b22101dd8ca4af610dff6f28105d1f78695",
                "sha256:8cf67b8493bff50fa12b4bc30ab40ce1f1f216eb54145962b525852959b0ab3d",
                "sha256:a8c84db387907e8d800c383e4c92f39996343adedf635ae5206a684f94df8311",
                "sha256:abaf30d18874310d4439a23a0afb6e4b5709c4266966401de7c4ae345cc810ee",
                "sha256:affbb739fde390710190e3540acc9f3e65df25bd192cc0aa554f368288ee0ea2",
                "sha256:b412f43c99ca72769306293ba83811b241d41b62ca8f358e47e0fdaf7b6fbbd7",
                "sha256:b581ddb8df619402c377c81f186ad7f5e2726ad9f8d57047144b352f83f37522",
                "sha256:bf7de9e847d2d14a0efcd48b290ee181fdbffb2ae54dfa2ec2a935a093730bac",
                "sha256:c5030be8a60fb18de1fc8d93d130d57e4296c02f229200df814f6578da00429e",
                "sha256:c89510381cbf8c8317e14e747a8b53988ad226f0ed240824064a9297b65f921d",
                "sha256:d386630af995fd4de225d550b6806507ca09f5a650f227fddb29299335cda55e",
                "sha256:d51ddfb3d481a6a3439db09d4b08447fb9f6b60d862ab301238f37bea8f60a6d",
                "sha256:dd47fac2878f6102efa211461eb6fa0a6dd7b4899cd1ade6cdcb9fa9748363eb",
                "sha256:eff55d318a114742ed2a06972f5daacfe3d5ad0c0c0d9146bcaf10acb427e6be",
                "sha256:f2673c51e8535401c68806d331faba614bcff3ee16373481158a2e74f510b7f6",
                "sha256:fa78bd55ec652d4a88ba254c8dae623c9992e2ce647bd17ba1a37ca2b7b42222",
                "sha256:ffec0b854d2ed6ee98776c7168c778cdd18503642a68d36c00ba0f96d4ccff7c"
            ],
            "index": "pypi",
            "version": "==1.33.2"
        },
        "idna": {
            "hashes": [
                "sha256:b307872f855b18632ce0c21c5e45be78c0ea7ae4c15c828c20788b26921eb3f6",
                "sha256:b97d804b1e9b523befed77c48dacec60e6dcb0b5391d57af6a65a312a90648c0"
            ],
            "version": "==2.10"
        },
        "protobuf": {
            "hashes": [
                "sha256:0f2da2fcc4102b6c3b57f03c9d8d5e37c63f8bc74deaa6cb54e0cc4524a77247",
                "sha256:1655fc0ba7402560d749de13edbfca1ac45d1753d8f4e5292989f18f5a00c215",
                "sha256:1771ef20e88759c4d81db213e89b7a1fc53937968e12af6603c658ee4bcbfa38",
                "sha256:1a66261a402d05c8ad8c1fde8631837307bf8d7e7740a4f3941fc3277c2e1528",
                "sha256:24f4697f57b8520c897a401b7f9a5ae45c369e22c572e305dfaf8053ecb49687",
                "sha256:256c0b2e338c1f3228d3280707606fe5531fde85ab9d704cde6fdeb55112531f",
                "sha256:2b974519a2ae83aa1e31cff9018c70bbe0e303a46a598f982943c49ae1d4fcd3",
                "sha256:30fe4249a364576f9594180589c3f9c4771952014b5f77f0372923fc7bafbbe2",
                "sha256:45a91fc6f9aa86d3effdeda6751882b02de628519ba06d7160daffde0c889ff8",
                "sha256:70054ae1ce5dea7dec7357db931fcf487f40ea45b02cb719ee6af07eb1e906fb",
                "sha256:74ac159989e2b02d761188a2b6f4601ff5e494d9b9d863f5ad6e98e5e0c54328",
                "sha256:822ac7f87fc2fb9b24edd2db390538b60ef50256e421ca30d65250fad5a3d477",
                "sha256:83c7c7534f050cb25383bb817159416601d1cc46c40bc5e851ec8bbddfc34a2f",
                "sha256:88d8f21d1ac205eedb6dea943f8204ed08201b081dba2a966ab5612788b9bb1e",
                "sha256:9ec20a6ded7d0888e767ad029dbb126e604e18db744ac0a428cf746e040ccecd",
                "sha256:9ec220d90eda8bb7a7a1434a8aed4fe26d7e648c1a051c2885f3f5725b6aa71a",
                "sha256:b9069e45b6e78412fba4a314ea38b4a478686060acf470d2b131b3a2c50484ec",
                "sha256:d9ed0955b794f1e5f367e27f8a8ff25501eabe34573f003f06639c366ca75f73",
                "sha256:eaada29bbf087dea7d8bce4d1d604fc768749e8809e9c295922accd7c8fce4d5",
                "sha256:eac23a3e56175b710f3da9a9e8e2aa571891fbec60e0c5a06db1c7b1613b5cfd"
            ],
            "version": "==3.15.6"
        },
        "requests": {
            "hashes": [
                "sha256:27973dd4a904a4f13b263a19c866c13b92a39ed1c964655f025f3f8d3d75b804",
                "sha256:c210084e36a42ae6b9219e00e48287def368a26d03a048ddad7bfee44f75871e"
            ],
            "index": "pypi",
            "version": "==2.25.1"
        },
        "six": {
            "hashes": [
                "sha256:30639c035cdb23534cd4aa2dd52c3bf48f06e5f4a941509c8bafd8ce11080259",
                "sha256:8b74bedcbbbaca38ff6d7491d76f2b06b3592611af620f8426e82dddb04a5ced"
            ],
            "version": "==1.15.0"
        },
        "urllib3": {
            "hashes": [
                "sha256:2f4da4594db7e1e110a944bb1b551fdf4e6c136ad42e4234131391e21eb5b0df",
                "sha256:e7b021f7241115872f92f43c6508082facffbd1c048e3c6e2bb9c2a157e28937"
            ],
            "version": "==1.26.4"
        },
        "vega-api-client": {
            "hashes": [
                "sha256:1630355db0398f32db4deb6299aa38e7aa070aa42fd09e6c2a6c6ecc91565f20",
                "sha256:beeb4b5a70d9cf3315a24d986120eea80bac1467c556ffab45477b3ea1cefc89"
            ],
            "index": "pypi",
            "version": "==0.27.0"
        },
        "websocket-client": {
            "hashes": [
                "sha256:0fc45c961324d79c781bab301359d5a1b00b13ad1b10415a4780229ef71a5549",
                "sha256:d735b91d6d1692a6a181f2a8c9e0238e5f6373356f561bb9dc4c7af36f452010"
            ],
            "index": "pypi",
            "version": "==0.57.0"
        }
    },
    "develop": {}
}
